
Microsoft Visual Studio Solution File, Format Version 11.00
# Visual Studio 2010
Project("{E24C65DC-7377-472B-9ABA-BC803B73C61A}") = "get2gether", ".", "{D0CBDE4D-D9F3-4C60-89FD-1907D8E84C44}"
	ProjectSection(WebsiteProperties) = preProject
		TargetFrameworkMoniker = ".NETFramework,Version%3Dv4.0"
		Debug.AspNetCompiler.VirtualPath = "/come2gether"
		Debug.AspNetCompiler.PhysicalPath = "..\come2gether\"
		Debug.AspNetCompiler.TargetPath = "PrecompiledWeb\come2gether\"
		Debug.AspNetCompiler.Updateable = "true"
		Debug.AspNetCompiler.ForceOverwrite = "true"
		Debug.AspNetCompiler.FixedNames = "false"
		Debug.AspNetCompiler.Debug = "True"
		Release.AspNetCompiler.VirtualPath = "/come2gether"
		Release.AspNetCompiler.PhysicalPath = "..\come2gether\"
		Release.AspNetCompiler.TargetPath = "PrecompiledWeb\come2gether\"
		Release.AspNetCompiler.Updateable = "true"
		Release.AspNetCompiler.ForceOverwrite = "true"
		Release.AspNetCompiler.FixedNames = "false"
		Release.AspNetCompiler.Debug = "False"
		VWDPort = "8484"
	EndProjectSection
EndProject
Global
	GlobalSection(SolutionConfigurationPlatforms) = preSolution
		Debug|Any CPU = Debug|Any CPU
	EndGlobalSection
	GlobalSection(ProjectConfigurationPlatforms) = postSolution
		{D0CBDE4D-D9F3-4C60-89FD-1907D8E84C44}.Debug|Any CPU.ActiveCfg = Debug|Any CPU
		{D0CBDE4D-D9F3-4C60-89FD-1907D8E84C44}.Debug|Any CPU.Build.0 = Debug|Any CPU
	EndGlobalSection
	GlobalSection(SolutionProperties) = preSolution
		HideSolutionNode = FALSE
	EndGlobalSection
EndGlobal
